
Microsoft Visual Studio Solution File, Format Version 12.00
# Visual Studio 15
VisualStudioVersion = 15.0.28010.2048
MinimumVisualStudioVersion = 10.0.40219.1
Project("{FAE04EC0-301F-11D3-BF4B-00C04F79EFBC}") = "NiceHash Stats", "NiceHash Stats\NiceHash Stats.csproj", "{403FC1B4-9C11-438A-A1C4-CF0B8CBD6EDA}"
EndProject
Global
	GlobalSection(SolutionConfigurationPlatforms) = preSolution
		Debug|Any CPU = Debug|Any CPU
		Release|Any CPU = Release|Any CPU
	EndGlobalSection
	GlobalSection(ProjectConfigurationPlatforms) = postSolution
		{403FC1B4-9C11-438A-A1C4-CF0B8CBD6EDA}.Debug|Any CPU.ActiveCfg = Debug|Any CPU
		{403FC1B4-9C11-438A-A1C4-CF0B8CBD6EDA}.Debug|Any CPU.Build.0 = Debug|Any CPU
		{403FC1B4-9C11-438A-A1C4-CF0B8CBD6EDA}.Release|Any CPU.ActiveCfg = Release|Any CPU
		{403FC1B4-9C11-438A-A1C4-CF0B8CBD6EDA}.Release|Any CPU.Build.0 = Release|Any CPU
	EndGlobalSection
	GlobalSection(SolutionProperties) = preSolution
		HideSolutionNode = FALSE
	EndGlobalSection
	GlobalSection(ExtensibilityGlobals) = postSolution
		SolutionGuid = {699CED1E-31B6-4D44-B3C3-0D9820D41E42}
	EndGlobalSection
EndGlobal
